{
  "name": "miniprogram-ts-less-quickstart",
  "version": "1.0.0",
  "lockfileVersion": 3,
  "requires": true,
  "packages": {
    "": {
      "name": "miniprogram-ts-less-quickstart",
      "version": "1.0.0",
      "dependencies": {
        "@52css/mp-vue3": "^1.0.43"
      },
      "devDependencies": {
        "miniprogram-api-typings": "^3.12.2"
      }
    },
    "node_modules/@52css/mp-vue3": {
      "version": "1.0.43",
      "resolved": "https://registry.npmjs.org/@52css/mp-vue3/-/mp-vue3-1.0.43.tgz",
      "integrity": "sha512-HzcR2ROguk2pyfsjl4wJodxuZlxdkflC5gtUxXSlhJKdzUaEjgL+bVdDFzTvA9bwdXj/FPqyzQ8R7sCrHavutA==",
      "peerDependencies": {
        "typescript": "^5.5.4"
      }
    },
    "node_modules/miniprogram-api-typings": {
      "version": "3.12.2",
      "dev": true,
      "license": "MIT"
    },
    "node_modules/typescript": {
      "version": "5.5.4",
      "license": "Apache-2.0",
      "peer": true,
      "bin": {
        "tsc": "bin/tsc",
        "tsserver": "bin/tsserver"
      },
      "engines": {
        "node": ">=14.17"
      }
    }
  }
}
